// !$*UTF8*$!
{
	archiveVersion = 1;
	classes = {
	};
	objectVersion = 50;
	objects = {

/* Begin PBXBuildFile section */
		15ED5FDD6A421BBF6BD336F4 /* Pods_NASA_APODTests.framework in Frameworks */ = {isa = PBXBuildFile; fileRef = B88953AF967A562A3933AAF0 /* Pods_NASA_APODTests.framework */; };
		234D37C7C1AAB7A8CEF857F8 /* Pods_NASA_APOD.framework in Frameworks */ = {isa = PBXBuildFile; fileRef = E93E3527E7E2C7D3881F6937 /* Pods_NASA_APOD.framework */; };
		622F35FF266238480005D7B6 /* AppDelegate.swift in Sources */ = {isa = PBXBuildFile; fileRef = 622F35FE266238480005D7B6 /* AppDelegate.swift */; };
		622F3601266238480005D7B6 /* SceneDelegate.swift in Sources */ = {isa = PBXBuildFile; fileRef = 622F3600266238480005D7B6 /* SceneDelegate.swift */; };
		622F3606266238480005D7B6 /* Main.storyboard in Resources */ = {isa = PBXBuildFile; fileRef = 622F3604266238480005D7B6 /* Main.storyboard */; };
		622F3608266238490005D7B6 /* Assets.xcassets in Resources */ = {isa = PBXBuildFile; fileRef = 622F3607266238490005D7B6 /* Assets.xcassets */; };
		622F360B266238490005D7B6 /* LaunchScreen.storyboard in Resources */ = {isa = PBXBuildFile; fileRef = 622F3609266238490005D7B6 /* LaunchScreen.storyboard */; };
		622F3616266238490005D7B6 /* NASA_APODTests.swift in Sources */ = {isa = PBXBuildFile; fileRef = 622F3615266238490005D7B6 /* NASA_APODTests.swift */; };
		622F3644266239F00005D7B6 /* BaseViewController.swift in Sources */ = {isa = PBXBuildFile; fileRef = 622F3643266239F00005D7B6 /* BaseViewController.swift */; };
		622F364C26623A3B0005D7B6 /* HomeViewController.swift in Sources */ = {isa = PBXBuildFile; fileRef = 622F364B26623A3B0005D7B6 /* HomeViewController.swift */; };
		622F365026623A820005D7B6 /* HomeViewModel.swift in Sources */ = {isa = PBXBuildFile; fileRef = 622F364F26623A820005D7B6 /* HomeViewModel.swift */; };
		622F365426623BB20005D7B6 /* APOD.swift in Sources */ = {isa = PBXBuildFile; fileRef = 622F365326623BB20005D7B6 /* APOD.swift */; };
		622F365826623C3B0005D7B6 /* Constants.swift in Sources */ = {isa = PBXBuildFile; fileRef = 622F365726623C3B0005D7B6 /* Constants.swift */; };
		622F365C26623C450005D7B6 /* Enums.swift in Sources */ = {isa = PBXBuildFile; fileRef = 622F365B26623C450005D7B6 /* Enums.swift */; };
		622F366026623CF10005D7B6 /* NetworkServiceManager.swift in Sources */ = {isa = PBXBuildFile; fileRef = 622F365F26623CF10005D7B6 /* NetworkServiceManager.swift */; };
		622F366626623DD30005D7B6 /* HelperFunctions.swift in Sources */ = {isa = PBXBuildFile; fileRef = 622F366526623DD30005D7B6 /* HelperFunctions.swift */; };
		622F366A26623F8B0005D7B6 /* AppError.swift in Sources */ = {isa = PBXBuildFile; fileRef = 622F366926623F8B0005D7B6 /* AppError.swift */; };
		622F367026624A4D0005D7B6 /* ImageDownloadManager.swift in Sources */ = {isa = PBXBuildFile; fileRef = 622F366F26624A4D0005D7B6 /* ImageDownloadManager.swift */; };
		622F367626624EEB0005D7B6 /* AppPreferences.swift in Sources */ = {isa = PBXBuildFile; fileRef = 622F367526624EEB0005D7B6 /* AppPreferences.swift */; };
		622F367A266251AA0005D7B6 /* LocalStorageManager.swift in Sources */ = {isa = PBXBuildFile; fileRef = 622F3679266251AA0005D7B6 /* LocalStorageManager.swift */; };
		622F367F266259950005D7B6 /* DateExtension.swift in Sources */ = {isa = PBXBuildFile; fileRef = 622F367E266259950005D7B6 /* DateExtension.swift */; };
/* End PBXBuildFile section */

/* Begin PBXContainerItemProxy section */
		622F3612266238490005D7B6 /* PBXContainerItemProxy */ = {
			isa = PBXContainerItemProxy;
			containerPortal = 622F35F3266238480005D7B6 /* Project object */;
			proxyType = 1;
			remoteGlobalIDString = 622F35FA266238480005D7B6;
			remoteInfo = "NASA APOD";
		};
/* End PBXContainerItemProxy section */

/* Begin PBXFileReference section */
		0F94C102BB0318D2B5CB018E /* Pods-NASA APOD.release.xcconfig */ = {isa = PBXFileReference; includeInIndex = 1; lastKnownFileType = text.xcconfig; name = "Pods-NASA APOD.release.xcconfig"; path = "Target Support Files/Pods-NASA APOD/Pods-NASA APOD.release.xcconfig"; sourceTree = "<group>"; };
		363ABBE578F39A7F436BB509 /* Pods-NASA APODTests.debug.xcconfig */ = {isa = PBXFileReference; includeInIndex = 1; lastKnownFileType = text.xcconfig; name = "Pods-NASA APODTests.debug.xcconfig"; path = "Target Support Files/Pods-NASA APODTests/Pods-NASA APODTests.debug.xcconfig"; sourceTree = "<group>"; };
		48D519736601B4306ABCB3A6 /* Pods-NASA APOD.debug.xcconfig */ = {isa = PBXFileReference; includeInIndex = 1; lastKnownFileType = text.xcconfig; name = "Pods-NASA APOD.debug.xcconfig"; path = "Target Support Files/Pods-NASA APOD/Pods-NASA APOD.debug.xcconfig"; sourceTree = "<group>"; };
		622F35FB266238480005D7B6 /* NASA APOD.app */ = {isa = PBXFileReference; explicitFileType = wrapper.application; includeInIndex = 0; path = "NASA APOD.app"; sourceTree = BUILT_PRODUCTS_DIR; };
		622F35FE266238480005D7B6 /* AppDelegate.swift */ = {isa = PBXFileReference; lastKnownFileType = sourcecode.swift; path = AppDelegate.swift; sourceTree = "<group>"; };
		622F3600266238480005D7B6 /* SceneDelegate.swift */ = {isa = PBXFileReference; lastKnownFileType = sourcecode.swift; path = SceneDelegate.swift; sourceTree = "<group>"; };
		622F3605266238480005D7B6 /* Base */ = {isa = PBXFileReference; lastKnownFileType = file.storyboard; name = Base; path = Base.lproj/Main.storyboard; sourceTree = "<group>"; };
		622F3607266238490005D7B6 /* Assets.xcassets */ = {isa = PBXFileReference; lastKnownFileType = folder.assetcatalog; path = Assets.xcassets; sourceTree = "<group>"; };
		622F360A266238490005D7B6 /* Base */ = {isa = PBXFileReference; lastKnownFileType = file.storyboard; name = Base; path = Base.lproj/LaunchScreen.storyboard; sourceTree = "<group>"; };
		622F360C266238490005D7B6 /* Info.plist */ = {isa = PBXFileReference; lastKnownFileType = text.plist.xml; path = Info.plist; sourceTree = "<group>"; };
		622F3611266238490005D7B6 /* NASA APODTests.xctest */ = {isa = PBXFileReference; explicitFileType = wrapper.cfbundle; includeInIndex = 0; path = "NASA APODTests.xctest"; sourceTree = BUILT_PRODUCTS_DIR; };
		622F3615266238490005D7B6 /* NASA_APODTests.swift */ = {isa = PBXFileReference; lastKnownFileType = sourcecode.swift; path = NASA_APODTests.swift; sourceTree = "<group>"; };
		622F3617266238490005D7B6 /* Info.plist */ = {isa = PBXFileReference; lastKnownFileType = text.plist.xml; path = Info.plist; sourceTree = "<group>"; };
		622F3643266239F00005D7B6 /* BaseViewController.swift */ = {isa = PBXFileReference; lastKnownFileType = sourcecode.swift; path = BaseViewController.swift; sourceTree = "<group>"; };
		622F364B26623A3B0005D7B6 /* HomeViewController.swift */ = {isa = PBXFileReference; lastKnownFileType = sourcecode.swift; path = HomeViewController.swift; sourceTree = "<group>"; };
		622F364F26623A820005D7B6 /* HomeViewModel.swift */ = {isa = PBXFileReference; lastKnownFileType = sourcecode.swift; path = HomeViewModel.swift; sourceTree = "<group>"; };
		622F365326623BB20005D7B6 /* APOD.swift */ = {isa = PBXFileReference; lastKnownFileType = sourcecode.swift; path = APOD.swift; sourceTree = "<group>"; };
		622F365726623C3B0005D7B6 /* Constants.swift */ = {isa = PBXFileReference; lastKnownFileType = sourcecode.swift; path = Constants.swift; sourceTree = "<group>"; };
		622F365B26623C450005D7B6 /* Enums.swift */ = {isa = PBXFileReference; lastKnownFileType = sourcecode.swift; path = Enums.swift; sourceTree = "<group>"; };
		622F365F26623CF10005D7B6 /* NetworkServiceManager.swift */ = {isa = PBXFileReference; lastKnownFileType = sourcecode.swift; path = NetworkServiceManager.swift; sourceTree = "<group>"; };
		622F366526623DD30005D7B6 /* HelperFunctions.swift */ = {isa = PBXFileReference; lastKnownFileType = sourcecode.swift; path = HelperFunctions.swift; sourceTree = "<group>"; };
		622F366926623F8B0005D7B6 /* AppError.swift */ = {isa = PBXFileReference; lastKnownFileType = sourcecode.swift; path = AppError.swift; sourceTree = "<group>"; };
		622F366F26624A4D0005D7B6 /* ImageDownloadManager.swift */ = {isa = PBXFileReference; lastKnownFileType = sourcecode.swift; path = ImageDownloadManager.swift; sourceTree = "<group>"; };
		622F367526624EEB0005D7B6 /* AppPreferences.swift */ = {isa = PBXFileReference; lastKnownFileType = sourcecode.swift; path = AppPreferences.swift; sourceTree = "<group>"; };
		622F3679266251AA0005D7B6 /* LocalStorageManager.swift */ = {isa = PBXFileReference; lastKnownFileType = sourcecode.swift; path = LocalStorageManager.swift; sourceTree = "<group>"; };
		622F367E266259950005D7B6 /* DateExtension.swift */ = {isa = PBXFileReference; lastKnownFileType = sourcecode.swift; path = DateExtension.swift; sourceTree = "<group>"; };
		996459BBF980A2FDCA41D02B /* Pods-NASA APODTests.release.xcconfig */ = {isa = PBXFileReference; includeInIndex = 1; lastKnownFileType = text.xcconfig; name = "Pods-NASA APODTests.release.xcconfig"; path = "Target Support Files/Pods-NASA APODTests/Pods-NASA APODTests.release.xcconfig"; sourceTree = "<group>"; };
		B88953AF967A562A3933AAF0 /* Pods_NASA_APODTests.framework */ = {isa = PBXFileReference; explicitFileType = wrapper.framework; includeInIndex = 0; path = Pods_NASA_APODTests.framework; sourceTree = BUILT_PRODUCTS_DIR; };
		E93E3527E7E2C7D3881F6937 /* Pods_NASA_APOD.framework */ = {isa = PBXFileReference; explicitFileType = wrapper.framework; includeInIndex = 0; path = Pods_NASA_APOD.framework; sourceTree = BUILT_PRODUCTS_DIR; };
/* End PBXFileReference section */

/* Begin PBXFrameworksBuildPhase section */
		622F35F8266238480005D7B6 /* Frameworks */ = {
			isa = PBXFrameworksBuildPhase;
			buildActionMask = 2147483647;
			files = (
				234D37C7C1AAB7A8CEF857F8 /* Pods_NASA_APOD.framework in Frameworks */,
			);
			runOnlyForDeploymentPostprocessing = 0;
		};
		622F360E266238490005D7B6 /* Frameworks */ = {
			isa = PBXFrameworksBuildPhase;
			buildActionMask = 2147483647;
			files = (
				15ED5FDD6A421BBF6BD336F4 /* Pods_NASA_APODTests.framework in Frameworks */,
			);
			runOnlyForDeploymentPostprocessing = 0;
		};
/* End PBXFrameworksBuildPhase section */

/* Begin PBXGroup section */
		622F35F2266238480005D7B6 = {
			isa = PBXGroup;
			children = (
				622F35FD266238480005D7B6 /* NASA APOD */,
				622F3614266238490005D7B6 /* NASA APODTests */,
				622F35FC266238480005D7B6 /* Products */,
				93B7ACE9A544F7CCA47C056B /* Pods */,
				DC15F6513AEE7FD224540DD4 /* Frameworks */,
			);
			sourceTree = "<group>";
		};
		622F35FC266238480005D7B6 /* Products */ = {
			isa = PBXGroup;
			children = (
				622F35FB266238480005D7B6 /* NASA APOD.app */,
				622F3611266238490005D7B6 /* NASA APODTests.xctest */,
			);
			name = Products;
			sourceTree = "<group>";
		};
		622F35FD266238480005D7B6 /* NASA APOD */ = {
			isa = PBXGroup;
			children = (
				622F35FE266238480005D7B6 /* AppDelegate.swift */,
				622F3600266238480005D7B6 /* SceneDelegate.swift */,
				622F363E2662398E0005D7B6 /* ViewModels */,
				622F363D266239880005D7B6 /* Views */,
				622F363F266239970005D7B6 /* Models */,
				622F363C266239810005D7B6 /* Common */,
				622F367D2662597D0005D7B6 /* Extensions */,
				622F36402662399F0005D7B6 /* Managers */,
				622F3642266239C00005D7B6 /* Storyboards */,
				622F3641266239AB0005D7B6 /* Resources */,
				622F360C266238490005D7B6 /* Info.plist */,
			);
			path = "NASA APOD";
			sourceTree = "<group>";
		};
		622F3614266238490005D7B6 /* NASA APODTests */ = {
			isa = PBXGroup;
			children = (
				622F3615266238490005D7B6 /* NASA_APODTests.swift */,
				622F3617266238490005D7B6 /* Info.plist */,
			);
			path = "NASA APODTests";
			sourceTree = "<group>";
		};
		622F363C266239810005D7B6 /* Common */ = {
			isa = PBXGroup;
			children = (
				622F3643266239F00005D7B6 /* BaseViewController.swift */,
				622F365726623C3B0005D7B6 /* Constants.swift */,
				622F365B26623C450005D7B6 /* Enums.swift */,
				622F366526623DD30005D7B6 /* HelperFunctions.swift */,
				622F366926623F8B0005D7B6 /* AppError.swift */,
				622F367526624EEB0005D7B6 /* AppPreferences.swift */,
			);
			path = Common;
			sourceTree = "<group>";
		};
		622F363D266239880005D7B6 /* Views */ = {
			isa = PBXGroup;
			children = (
				622F364B26623A3B0005D7B6 /* HomeViewController.swift */,
			);
			path = Views;
			sourceTree = "<group>";
		};
		622F363E2662398E0005D7B6 /* ViewModels */ = {
			isa = PBXGroup;
			children = (
				622F364F26623A820005D7B6 /* HomeViewModel.swift */,
			);
			path = ViewModels;
			sourceTree = "<group>";
		};
		622F363F266239970005D7B6 /* Models */ = {
			isa = PBXGroup;
			children = (
				622F365326623BB20005D7B6 /* APOD.swift */,
			);
			path = Models;
			sourceTree = "<group>";
		};
		622F36402662399F0005D7B6 /* Managers */ = {
			isa = PBXGroup;
			children = (
				622F365F26623CF10005D7B6 /* NetworkServiceManager.swift */,
				622F366F26624A4D0005D7B6 /* ImageDownloadManager.swift */,
				622F3679266251AA0005D7B6 /* LocalStorageManager.swift */,
			);
			path = Managers;
			sourceTree = "<group>";
		};
		622F3641266239AB0005D7B6 /* Resources */ = {
			isa = PBXGroup;
			children = (
				622F3607266238490005D7B6 /* Assets.xcassets */,
			);
			path = Resources;
			sourceTree = "<group>";
		};
		622F3642266239C00005D7B6 /* Storyboards */ = {
			isa = PBXGroup;
			children = (
				622F3604266238480005D7B6 /* Main.storyboard */,
				622F3609266238490005D7B6 /* LaunchScreen.storyboard */,
			);
			path = Storyboards;
			sourceTree = "<group>";
		};
		622F367D2662597D0005D7B6 /* Extensions */ = {
			isa = PBXGroup;
			children = (
				622F367E266259950005D7B6 /* DateExtension.swift */,
			);
			path = Extensions;
			sourceTree = "<group>";
		};
		93B7ACE9A544F7CCA47C056B /* Pods */ = {
			isa = PBXGroup;
			children = (
				48D519736601B4306ABCB3A6 /* Pods-NASA APOD.debug.xcconfig */,
				0F94C102BB0318D2B5CB018E /* Pods-NASA APOD.release.xcconfig */,
				363ABBE578F39A7F436BB509 /* Pods-NASA APODTests.debug.xcconfig */,
				996459BBF980A2FDCA41D02B /* Pods-NASA APODTests.release.xcconfig */,
			);
			name = Pods;
			path = Pods;
			sourceTree = "<group>";
		};
		DC15F6513AEE7FD224540DD4 /* Frameworks */ = {
			isa = PBXGroup;
			children = (
				E93E3527E7E2C7D3881F6937 /* Pods_NASA_APOD.framework */,
				B88953AF967A562A3933AAF0 /* Pods_NASA_APODTests.framework */,
			);
			name = Frameworks;
			sourceTree = "<group>";
		};
/* End PBXGroup section */

/* Begin PBXNativeTarget section */
		622F35FA266238480005D7B6 /* NASA APOD */ = {
			isa = PBXNativeTarget;
			buildConfigurationList = 622F3625266238490005D7B6 /* Build configuration list for PBXNativeTarget "NASA APOD" */;
			buildPhases = (
				5BEAD21CA4A95B3CA03E0F51 /* [CP] Check Pods Manifest.lock */,
				622F35F7266238480005D7B6 /* Sources */,
				622F35F8266238480005D7B6 /* Frameworks */,
				622F35F9266238480005D7B6 /* Resources */,
				DE1BD53D7BECFAC8E9017BB7 /* [CP] Embed Pods Frameworks */,
			);
			buildRules = (
			);
			dependencies = (
			);
			name = "NASA APOD";
			productName = "NASA APOD";
			productReference = 622F35FB266238480005D7B6 /* NASA APOD.app */;
			productType = "com.apple.product-type.application";
		};
		622F3610266238490005D7B6 /* NASA APODTests */ = {
			isa = PBXNativeTarget;
			buildConfigurationList = 622F3628266238490005D7B6 /* Build configuration list for PBXNativeTarget "NASA APODTests" */;
			buildPhases = (
				E6D1C78206D7F91F1E2B9BC2 /* [CP] Check Pods Manifest.lock */,
				622F360D266238490005D7B6 /* Sources */,
				622F360E266238490005D7B6 /* Frameworks */,
				622F360F266238490005D7B6 /* Resources */,
			);
			buildRules = (
			);
			dependencies = (
				622F3613266238490005D7B6 /* PBXTargetDependency */,
			);
			name = "NASA APODTests";
			productName = "NASA APODTests";
			productReference = 622F3611266238490005D7B6 /* NASA APODTests.xctest */;
			productType = "com.apple.product-type.bundle.unit-test";
		};
/* End PBXNativeTarget section */

/* Begin PBXProject section */
		622F35F3266238480005D7B6 /* Project object */ = {
			isa = PBXProject;
			attributes = {
				LastSwiftUpdateCheck = 1220;
				LastUpgradeCheck = 1220;
				TargetAttributes = {
					622F35FA266238480005D7B6 = {
						CreatedOnToolsVersion = 12.2;
					};
					622F3610266238490005D7B6 = {
						CreatedOnToolsVersion = 12.2;
						TestTargetID = 622F35FA266238480005D7B6;
					};
				};
			};
			buildConfigurationList = 622F35F6266238480005D7B6 /* Build configuration list for PBXProject "NASA APOD" */;
			compatibilityVersion = "Xcode 9.3";
			developmentRegion = en;
			hasScannedForEncodings = 0;
			knownRegions = (
				en,
				Base,
			);
			mainGroup = 622F35F2266238480005D7B6;
			productRefGroup = 622F35FC266238480005D7B6 /* Products */;
			projectDirPath = "";
			projectRoot = "";
			targets = (
				622F35FA266238480005D7B6 /* NASA APOD */,
				622F3610266238490005D7B6 /* NASA APODTests */,
			);
		};
/* End PBXProject section */

/* Begin PBXResourcesBuildPhase section */
		622F35F9266238480005D7B6 /* Resources */ = {
			isa = PBXResourcesBuildPhase;
			buildActionMask = 2147483647;
			files = (
				622F360B266238490005D7B6 /* LaunchScreen.storyboard in Resources */,
				622F3608266238490005D7B6 /* Assets.xcassets in Resources */,
				622F3606266238480005D7B6 /* Main.storyboard in Resources */,
			);
			runOnlyForDeploymentPostprocessing = 0;
		};
		622F360F266238490005D7B6 /* Resources */ = {
			isa = PBXResourcesBuildPhase;
			buildActionMask = 2147483647;
			files = (
			);
			runOnlyForDeploymentPostprocessing = 0;
		};
/* End PBXResourcesBuildPhase section */

/* Begin PBXShellScriptBuildPhase section */
		5BEAD21CA4A95B3CA03E0F51 /* [CP] Check Pods Manifest.lock */ = {
			isa = PBXShellScriptBuildPhase;
			buildActionMask = 2147483647;
			files = (
			);
			inputFileListPaths = (
			);
			inputPaths = (
				"${PODS_PODFILE_DIR_PATH}/Podfile.lock",
				"${PODS_ROOT}/Manifest.lock",
			);
			name = "[CP] Check Pods Manifest.lock";
			outputFileListPaths = (
			);
			outputPaths = (
				"$(DERIVED_FILE_DIR)/Pods-NASA APOD-checkManifestLockResult.txt",
			);
			runOnlyForDeploymentPostprocessing = 0;
			shellPath = /bin/sh;
			shellScript = "diff \"${PODS_PODFILE_DIR_PATH}/Podfile.lock\" \"${PODS_ROOT}/Manifest.lock\" > /dev/null\nif [ $? != 0 ] ; then\n    # print error to STDERR\n    echo \"error: The sandbox is not in sync with the Podfile.lock. Run 'pod install' or update your CocoaPods installation.\" >&2\n    exit 1\nfi\n# This output is used by Xcode 'outputs' to avoid re-running this script phase.\necho \"SUCCESS\" > \"${SCRIPT_OUTPUT_FILE_0}\"\n";
			showEnvVarsInLog = 0;
		};
		DE1BD53D7BECFAC8E9017BB7 /* [CP] Embed Pods Frameworks */ = {
			isa = PBXShellScriptBuildPhase;
			buildActionMask = 2147483647;
			files = (
			);
			inputFileListPaths = (
				"${PODS_ROOT}/Target Support Files/Pods-NASA APOD/Pods-NASA APOD-frameworks-${CONFIGURATION}-input-files.xcfilelist",
			);
			name = "[CP] Embed Pods Frameworks";
			outputFileListPaths = (
				"${PODS_ROOT}/Target Support Files/Pods-NASA APOD/Pods-NASA APOD-frameworks-${CONFIGURATION}-output-files.xcfilelist",
			);
			runOnlyForDeploymentPostprocessing = 0;
			shellPath = /bin/sh;
			shellScript = "\"${PODS_ROOT}/Target Support Files/Pods-NASA APOD/Pods-NASA APOD-frameworks.sh\"\n";
			showEnvVarsInLog = 0;
		};
		E6D1C78206D7F91F1E2B9BC2 /* [CP] Check Pods Manifest.lock */ = {
			isa = PBXShellScriptBuildPhase;
			buildActionMask = 2147483647;
			files = (
			);
			inputFileListPaths = (
			);
			inputPaths = (
				"${PODS_PODFILE_DIR_PATH}/Podfile.lock",
				"${PODS_ROOT}/Manifest.lock",
			);
			name = "[CP] Check Pods Manifest.lock";
			outputFileListPaths = (
			);
			outputPaths = (
				"$(DERIVED_FILE_DIR)/Pods-NASA APODTests-checkManifestLockResult.txt",
			);
			runOnlyForDeploymentPostprocessing = 0;
			shellPath = /bin/sh;
			shellScript = "diff \"${PODS_PODFILE_DIR_PATH}/Podfile.lock\" \"${PODS_ROOT}/Manifest.lock\" > /dev/null\nif [ $? != 0 ] ; then\n    # print error to STDERR\n    echo \"error: The sandbox is not in sync with the Podfile.lock. Run 'pod install' or update your CocoaPods installation.\" >&2\n    exit 1\nfi\n# This output is used by Xcode 'outputs' to avoid re-running this script phase.\necho \"SUCCESS\" > \"${SCRIPT_OUTPUT_FILE_0}\"\n";
			showEnvVarsInLog = 0;
		};
/* End PBXShellScriptBuildPhase section */

/* Begin PBXSourcesBuildPhase section */
		622F35F7266238480005D7B6 /* Sources */ = {
			isa = PBXSourcesBuildPhase;
			buildActionMask = 2147483647;
			files = (
				622F3644266239F00005D7B6 /* BaseViewController.swift in Sources */,
				622F367F266259950005D7B6 /* DateExtension.swift in Sources */,
				622F365426623BB20005D7B6 /* APOD.swift in Sources */,
				622F35FF266238480005D7B6 /* AppDelegate.swift in Sources */,
				622F367026624A4D0005D7B6 /* ImageDownloadManager.swift in Sources */,
				622F3601266238480005D7B6 /* SceneDelegate.swift in Sources */,
				622F365826623C3B0005D7B6 /* Constants.swift in Sources */,
				622F367626624EEB0005D7B6 /* AppPreferences.swift in Sources */,
				622F366626623DD30005D7B6 /* HelperFunctions.swift in Sources */,
				622F366026623CF10005D7B6 /* NetworkServiceManager.swift in Sources */,
				622F365026623A820005D7B6 /* HomeViewModel.swift in Sources */,
				622F366A26623F8B0005D7B6 /* AppError.swift in Sources */,
				622F365C26623C450005D7B6 /* Enums.swift in Sources */,
				622F364C26623A3B0005D7B6 /* HomeViewController.swift in Sources */,
				622F367A266251AA0005D7B6 /* LocalStorageManager.swift in Sources */,
			);
			runOnlyForDeploymentPostprocessing = 0;
		};
		622F360D266238490005D7B6 /* Sources */ = {
			isa = PBXSourcesBuildPhase;
			buildActionMask = 2147483647;
			files = (
				622F3616266238490005D7B6 /* NASA_APODTests.swift in Sources */,
			);
			runOnlyForDeploymentPostprocessing = 0;
		};
/* End PBXSourcesBuildPhase section */

/* Begin PBXTargetDependency section */
		622F3613266238490005D7B6 /* PBXTargetDependency */ = {
			isa = PBXTargetDependency;
			target = 622F35FA266238480005D7B6 /* NASA APOD */;
			targetProxy = 622F3612266238490005D7B6 /* PBXContainerItemProxy */;
		};
/* End PBXTargetDependency section */

/* Begin PBXVariantGroup section */
		622F3604266238480005D7B6 /* Main.storyboard */ = {
			isa = PBXVariantGroup;
			children = (
				622F3605266238480005D7B6 /* Base */,
			);
			name = Main.storyboard;
			sourceTree = "<group>";
		};
		622F3609266238490005D7B6 /* LaunchScreen.storyboard */ = {
			isa = PBXVariantGroup;
			children = (
				622F360A266238490005D7B6 /* Base */,
			);
			name = LaunchScreen.storyboard;
			sourceTree = "<group>";
		};
/* End PBXVariantGroup section */

/* Begin XCBuildConfiguration section */
		622F3623266238490005D7B6 /* Debug */ = {
			isa = XCBuildConfiguration;
			buildSettings = {
				ALWAYS_SEARCH_USER_PATHS = NO;
				CLANG_ANALYZER_NONNULL = YES;
				CLANG_ANALYZER_NUMBER_OBJECT_CONVERSION = YES_AGGRESSIVE;
				CLANG_CXX_LANGUAGE_STANDARD = "gnu++14";
				CLANG_CXX_LIBRARY = "libc++";
				CLANG_ENABLE_MODULES = YES;
				CLANG_ENABLE_OBJC_ARC = YES;
				CLANG_ENABLE_OBJC_WEAK = YES;
				CLANG_WARN_BLOCK_CAPTURE_AUTORELEASING = YES;
				CLANG_WARN_BOOL_CONVERSION = YES;
				CLANG_WARN_COMMA = YES;
				CLANG_WARN_CONSTANT_CONVERSION = YES;
				CLANG_WARN_DEPRECATED_OBJC_IMPLEMENTATIONS = YES;
				CLANG_WARN_DIRECT_OBJC_ISA_USAGE = YES_ERROR;
				CLANG_WARN_DOCUMENTATION_COMMENTS = YES;
				CLANG_WARN_EMPTY_BODY = YES;
				CLANG_WARN_ENUM_CONVERSION = YES;
				CLANG_WARN_INFINITE_RECURSION = YES;
				CLANG_WARN_INT_CONVERSION = YES;
				CLANG_WARN_NON_LITERAL_NULL_CONVERSION = YES;
				CLANG_WARN_OBJC_IMPLICIT_RETAIN_SELF = YES;
				CLANG_WARN_OBJC_LITERAL_CONVERSION = YES;
				CLANG_WARN_OBJC_ROOT_CLASS = YES_ERROR;
				CLANG_WARN_QUOTED_INCLUDE_IN_FRAMEWORK_HEADER = YES;
				CLANG_WARN_RANGE_LOOP_ANALYSIS = YES;
				CLANG_WARN_STRICT_PROTOTYPES = YES;
				CLANG_WARN_SUSPICIOUS_MOVE = YES;
				CLANG_WARN_UNGUARDED_AVAILABILITY = YES_AGGRESSIVE;
				CLANG_WARN_UNREACHABLE_CODE = YES;
				CLANG_WARN__DUPLICATE_METHOD_MATCH = YES;
				COPY_PHASE_STRIP = NO;
				DEBUG_INFORMATION_FORMAT = dwarf;
				ENABLE_STRICT_OBJC_MSGSEND = YES;
				ENABLE_TESTABILITY = YES;
				GCC_C_LANGUAGE_STANDARD = gnu11;
				GCC_DYNAMIC_NO_PIC = NO;
				GCC_NO_COMMON_BLOCKS = YES;
				GCC_OPTIMIZATION_LEVEL = 0;
				GCC_PREPROCESSOR_DEFINITIONS = (
					"DEBUG=1",
					"$(inherited)",
				);
				GCC_WARN_64_TO_32_BIT_CONVERSION = YES;
				GCC_WARN_ABOUT_RETURN_TYPE = YES_ERROR;
				GCC_WARN_UNDECLARED_SELECTOR = YES;
				GCC_WARN_UNINITIALIZED_AUTOS = YES_AGGRESSIVE;
				GCC_WARN_UNUSED_FUNCTION = YES;
				GCC_WARN_UNUSED_VARIABLE = YES;
				IPHONEOS_DEPLOYMENT_TARGET = 13.0;
				MTL_ENABLE_DEBUG_INFO = INCLUDE_SOURCE;
				MTL_FAST_MATH = YES;
				ONLY_ACTIVE_ARCH = YES;
				SDKROOT = iphoneos;
				SWIFT_ACTIVE_COMPILATION_CONDITIONS = DEBUG;
				SWIFT_OPTIMIZATION_LEVEL = "-Onone";
			};
			name = Debug;
		};
		622F3624266238490005D7B6 /* Release */ = {
			isa = XCBuildConfiguration;
			buildSettings = {
				ALWAYS_SEARCH_USER_PATHS = NO;
				CLANG_ANALYZER_NONNULL = YES;
				CLANG_ANALYZER_NUMBER_OBJECT_CONVERSION = YES_AGGRESSIVE;
				CLANG_CXX_LANGUAGE_STANDARD = "gnu++14";
				CLANG_CXX_LIBRARY = "libc++";
				CLANG_ENABLE_MODULES = YES;
				CLANG_ENABLE_OBJC_ARC = YES;
				CLANG_ENABLE_OBJC_WEAK = YES;
				CLANG_WARN_BLOCK_CAPTURE_AUTORELEASING = YES;
				CLANG_WARN_BOOL_CONVERSION = YES;
				CLANG_WARN_COMMA = YES;
				CLANG_WARN_CONSTANT_CONVERSION = YES;
				CLANG_WARN_DEPRECATED_OBJC_IMPLEMENTATIONS = YES;
				CLANG_WARN_DIRECT_OBJC_ISA_USAGE = YES_ERROR;
				CLANG_WARN_DOCUMENTATION_COMMENTS = YES;
				CLANG_WARN_EMPTY_BODY = YES;
				CLANG_WARN_ENUM_CONVERSION = YES;
				CLANG_WARN_INFINITE_RECURSION = YES;
				CLANG_WARN_INT_CONVERSION = YES;
				CLANG_WARN_NON_LITERAL_NULL_CONVERSION = YES;
				CLANG_WARN_OBJC_IMPLICIT_RETAIN_SELF = YES;
				CLANG_WARN_OBJC_LITERAL_CONVERSION = YES;
				CLANG_WARN_OBJC_ROOT_CLASS = YES_ERROR;
				CLANG_WARN_QUOTED_INCLUDE_IN_FRAMEWORK_HEADER = YES;
				CLANG_WARN_RANGE_LOOP_ANALYSIS = YES;
				CLANG_WARN_STRICT_PROTOTYPES = YES;
				CLANG_WARN_SUSPICIOUS_MOVE = YES;
				CLANG_WARN_UNGUARDED_AVAILABILITY = YES_AGGRESSIVE;
				CLANG_WARN_UNREACHABLE_CODE = YES;
				CLANG_WARN__DUPLICATE_METHOD_MATCH = YES;
				COPY_PHASE_STRIP = NO;
				DEBUG_INFORMATION_FORMAT = "dwarf-with-dsym";
				ENABLE_NS_ASSERTIONS = NO;
				ENABLE_STRICT_OBJC_MSGSEND = YES;
				GCC_C_LANGUAGE_STANDARD = gnu11;
				GCC_NO_COMMON_BLOCKS = YES;
				GCC_WARN_64_TO_32_BIT_CONVERSION = YES;
				GCC_WARN_ABOUT_RETURN_TYPE = YES_ERROR;
				GCC_WARN_UNDECLARED_SELECTOR = YES;
				GCC_WARN_UNINITIALIZED_AUTOS = YES_AGGRESSIVE;
				GCC_WARN_UNUSED_FUNCTION = YES;
				GCC_WARN_UNUSED_VARIABLE = YES;
				IPHONEOS_DEPLOYMENT_TARGET = 13.0;
				MTL_ENABLE_DEBUG_INFO = NO;
				MTL_FAST_MATH = YES;
				SDKROOT = iphoneos;
				SWIFT_COMPILATION_MODE = wholemodule;
				SWIFT_OPTIMIZATION_LEVEL = "-O";
				VALIDATE_PRODUCT = YES;
			};
			name = Release;
		};
		622F3626266238490005D7B6 /* Debug */ = {
			isa = XCBuildConfiguration;
			baseConfigurationReference = 48D519736601B4306ABCB3A6 /* Pods-NASA APOD.debug.xcconfig */;
			buildSettings = {
				ASSETCATALOG_COMPILER_APPICON_NAME = AppIcon;
				ASSETCATALOG_COMPILER_GLOBAL_ACCENT_COLOR_NAME = AccentColor;
				CODE_SIGN_STYLE = Manual;
				DEVELOPMENT_TEAM = "";
				INFOPLIST_FILE = "NASA APOD/Info.plist";
				LD_RUNPATH_SEARCH_PATHS = (
					"$(inherited)",
					"@executable_path/Frameworks",
				);
				PRODUCT_BUNDLE_IDENTIFIER = "com.wale.NASA-APOD";
				PRODUCT_NAME = "$(TARGET_NAME)";
				PROVISIONING_PROFILE_SPECIFIER = "";
				SWIFT_VERSION = 5.0;
				TARGETED_DEVICE_FAMILY = "1,2";
			};
			name = Debug;
		};
		622F3627266238490005D7B6 /* Release */ = {
			isa = XCBuildConfiguration;
			baseConfigurationReference = 0F94C102BB0318D2B5CB018E /* Pods-NASA APOD.release.xcconfig */;
			buildSettings = {
				ASSETCATALOG_COMPILER_APPICON_NAME = AppIcon;
				ASSETCATALOG_COMPILER_GLOBAL_ACCENT_COLOR_NAME = AccentColor;
				CODE_SIGN_STYLE = Manual;
				DEVELOPMENT_TEAM = "";
				INFOPLIST_FILE = "NASA APOD/Info.plist";
				LD_RUNPATH_SEARCH_PATHS = (
					"$(inherited)",
					"@executable_path/Frameworks",
				);
				PRODUCT_BUNDLE_IDENTIFIER = "com.wale.NASA-APOD";
				PRODUCT_NAME = "$(TARGET_NAME)";
				PROVISIONING_PROFILE_SPECIFIER = "";
				SWIFT_VERSION = 5.0;
				TARGETED_DEVICE_FAMILY = "1,2";
			};
			name = Release;
		};
		622F3629266238490005D7B6 /* Debug */ = {
			isa = XCBuildConfiguration;
			baseConfigurationReference = 363ABBE578F39A7F436BB509 /* Pods-NASA APODTests.debug.xcconfig */;
			buildSettings = {
				ALWAYS_EMBED_SWIFT_STANDARD_LIBRARIES = YES;
				BUNDLE_LOADER = "$(TEST_HOST)";
				CODE_SIGN_STYLE = Automatic;
				INFOPLIST_FILE = "NASA APODTests/Info.plist";
				IPHONEOS_DEPLOYMENT_TARGET = 14.2;
				LD_RUNPATH_SEARCH_PATHS = (
					"$(inherited)",
					"@executable_path/Frameworks",
					"@loader_path/Frameworks",
				);
				PRODUCT_BUNDLE_IDENTIFIER = "com.wale.NASA-APODTests";
				PRODUCT_NAME = "$(TARGET_NAME)";
				SWIFT_VERSION = 5.0;
				TARGETED_DEVICE_FAMILY = "1,2";
				TEST_HOST = "$(BUILT_PRODUCTS_DIR)/NASA APOD.app/NASA APOD";
			};
			name = Debug;
		};
		622F362A266238490005D7B6 /* Release */ = {
			isa = XCBuildConfiguration;
			baseConfigurationReference = 996459BBF980A2FDCA41D02B /* Pods-NASA APODTests.release.xcconfig */;
			buildSettings = {
				ALWAYS_EMBED_SWIFT_STANDARD_LIBRARIES = YES;
				BUNDLE_LOADER = "$(TEST_HOST)";
				CODE_SIGN_STYLE = Automatic;
				INFOPLIST_FILE = "NASA APODTests/Info.plist";
				IPHONEOS_DEPLOYMENT_TARGET = 14.2;
				LD_RUNPATH_SEARCH_PATHS = (
					"$(inherited)",
					"@executable_path/Frameworks",
					"@loader_path/Frameworks",
				);
				PRODUCT_BUNDLE_IDENTIFIER = "com.wale.NASA-APODTests";
				PRODUCT_NAME = "$(TARGET_NAME)";
				SWIFT_VERSION = 5.0;
				TARGETED_DEVICE_FAMILY = "1,2";
				TEST_HOST = "$(BUILT_PRODUCTS_DIR)/NASA APOD.app/NASA APOD";
			};
			name = Release;
		};
/* End XCBuildConfiguration section */

/* Begin XCConfigurationList section */
		622F35F6266238480005D7B6 /* Build configuration list for PBXProject "NASA APOD" */ = {
			isa = XCConfigurationList;
			buildConfigurations = (
				622F3623266238490005D7B6 /* Debug */,
				622F3624266238490005D7B6 /* Release */,
			);
			defaultConfigurationIsVisible = 0;
			defaultConfigurationName = Release;
		};
		622F3625266238490005D7B6 /* Build configuration list for PBXNativeTarget "NASA APOD" */ = {
			isa = XCConfigurationList;
			buildConfigurations = (
				622F3626266238490005D7B6 /* Debug */,
				622F3627266238490005D7B6 /* Release */,
			);
			defaultConfigurationIsVisible = 0;
			defaultConfigurationName = Release;
		};
		622F3628266238490005D7B6 /* Build configuration list for PBXNativeTarget "NASA APODTests" */ = {
			isa = XCConfigurationList;
			buildConfigurations = (
				622F3629266238490005D7B6 /* Debug */,
				622F362A266238490005D7B6 /* Release */,
			);
			defaultConfigurationIsVisible = 0;
			defaultConfigurationName = Release;
		};
/* End XCConfigurationList section */
	};
	rootObject = 622F35F3266238480005D7B6 /* Project object */;
}
